// !$*UTF8*$!
{
	archiveVersion = 1;
	classes = {
	};
	objectVersion = 56;
	objects = {

/* Begin PBXBuildFile section */
		2EFA16192B669D8500F18155 /* AppDelegate.swift in Sources */ = {isa = PBXBuildFile; fileRef = 2EFA16182B669D8500F18155 /* AppDelegate.swift */; };
		2EFA161B2B669D8500F18155 /* SceneDelegate.swift in Sources */ = {isa = PBXBuildFile; fileRef = 2EFA161A2B669D8500F18155 /* SceneDelegate.swift */; };
		2EFA161D2B669D8500F18155 /* HomeViewController.swift in Sources */ = {isa = PBXBuildFile; fileRef = 2EFA161C2B669D8500F18155 /* HomeViewController.swift */; };
		2EFA16222B669D8700F18155 /* Assets.xcassets in Resources */ = {isa = PBXBuildFile; fileRef = 2EFA16212B669D8700F18155 /* Assets.xcassets */; };
		2EFA16252B669D8700F18155 /* LaunchScreen.storyboard in Resources */ = {isa = PBXBuildFile; fileRef = 2EFA16232B669D8700F18155 /* LaunchScreen.storyboard */; };
		2EFA162E2B66A03C00F18155 /* SnapKit in Frameworks */ = {isa = PBXBuildFile; productRef = 2EFA162D2B66A03C00F18155 /* SnapKit */; };
		2EFA16302B66A03C00F18155 /* SnapKit-Dynamic in Frameworks */ = {isa = PBXBuildFile; productRef = 2EFA162F2B66A03C00F18155 /* SnapKit-Dynamic */; };
		2EFA16322B66A22F00F18155 /* UIView+addSubViews.swift in Sources */ = {isa = PBXBuildFile; fileRef = 2EFA16312B66A22F00F18155 /* UIView+addSubViews.swift */; };
		2EFA16362B66B03800F18155 /* RisingContentsCollectionViewCell.swift in Sources */ = {isa = PBXBuildFile; fileRef = 2EFA16352B66B03800F18155 /* RisingContentsCollectionViewCell.swift */; };
		2EFA163D2B66B5CC00F18155 /* NewHotViewController.swift in Sources */ = {isa = PBXBuildFile; fileRef = 2EFA163C2B66B5CC00F18155 /* NewHotViewController.swift */; };
		2EFA16402B66C17C00F18155 /* SavedContentsViewController.swift in Sources */ = {isa = PBXBuildFile; fileRef = 2EFA163F2B66C17C00F18155 /* SavedContentsViewController.swift */; };
		2EFA16422B66C78500F18155 /* TabBarViewController.swift in Sources */ = {isa = PBXBuildFile; fileRef = 2EFA16412B66C78500F18155 /* TabBarViewController.swift */; };
/* End PBXBuildFile section */

/* Begin PBXFileReference section */
		2EFA16152B669D8500F18155 /* Netflix.app */ = {isa = PBXFileReference; explicitFileType = wrapper.application; includeInIndex = 0; path = Netflix.app; sourceTree = BUILT_PRODUCTS_DIR; };
		2EFA16182B669D8500F18155 /* AppDelegate.swift */ = {isa = PBXFileReference; lastKnownFileType = sourcecode.swift; path = AppDelegate.swift; sourceTree = "<group>"; };
		2EFA161A2B669D8500F18155 /* SceneDelegate.swift */ = {isa = PBXFileReference; lastKnownFileType = sourcecode.swift; path = SceneDelegate.swift; sourceTree = "<group>"; };
		2EFA161C2B669D8500F18155 /* HomeViewController.swift */ = {isa = PBXFileReference; lastKnownFileType = sourcecode.swift; path = HomeViewController.swift; sourceTree = "<group>"; };
		2EFA16212B669D8700F18155 /* Assets.xcassets */ = {isa = PBXFileReference; lastKnownFileType = folder.assetcatalog; path = Assets.xcassets; sourceTree = "<group>"; };
		2EFA16242B669D8700F18155 /* Base */ = {isa = PBXFileReference; lastKnownFileType = file.storyboard; name = Base; path = Base.lproj/LaunchScreen.storyboard; sourceTree = "<group>"; };
		2EFA16262B669D8700F18155 /* Info.plist */ = {isa = PBXFileReference; lastKnownFileType = text.plist.xml; path = Info.plist; sourceTree = "<group>"; };
		2EFA16312B66A22F00F18155 /* UIView+addSubViews.swift */ = {isa = PBXFileReference; lastKnownFileType = sourcecode.swift; path = "UIView+addSubViews.swift"; sourceTree = "<group>"; };
		2EFA16352B66B03800F18155 /* RisingContentsCollectionViewCell.swift */ = {isa = PBXFileReference; lastKnownFileType = sourcecode.swift; path = RisingContentsCollectionViewCell.swift; sourceTree = "<group>"; };
		2EFA163C2B66B5CC00F18155 /* NewHotViewController.swift */ = {isa = PBXFileReference; lastKnownFileType = sourcecode.swift; path = NewHotViewController.swift; sourceTree = "<group>"; };
		2EFA163F2B66C17C00F18155 /* SavedContentsViewController.swift */ = {isa = PBXFileReference; lastKnownFileType = sourcecode.swift; path = SavedContentsViewController.swift; sourceTree = "<group>"; };
		2EFA16412B66C78500F18155 /* TabBarViewController.swift */ = {isa = PBXFileReference; lastKnownFileType = sourcecode.swift; path = TabBarViewController.swift; sourceTree = "<group>"; };
/* End PBXFileReference section */

/* Begin PBXFrameworksBuildPhase section */
		2EFA16122B669D8500F18155 /* Frameworks */ = {
			isa = PBXFrameworksBuildPhase;
			buildActionMask = 2147483647;
			files = (
				2EFA162E2B66A03C00F18155 /* SnapKit in Frameworks */,
				2EFA16302B66A03C00F18155 /* SnapKit-Dynamic in Frameworks */,
			);
			runOnlyForDeploymentPostprocessing = 0;
		};
/* End PBXFrameworksBuildPhase section */

/* Begin PBXGroup section */
		2EFA160C2B669D8500F18155 = {
			isa = PBXGroup;
			children = (
				2EFA16172B669D8500F18155 /* Netflix */,
				2EFA16162B669D8500F18155 /* Products */,
			);
			sourceTree = "<group>";
		};
		2EFA16162B669D8500F18155 /* Products */ = {
			isa = PBXGroup;
			children = (
				2EFA16152B669D8500F18155 /* Netflix.app */,
			);
			name = Products;
			sourceTree = "<group>";
		};
		2EFA16172B669D8500F18155 /* Netflix */ = {
			isa = PBXGroup;
			children = (
				2EFA16182B669D8500F18155 /* AppDelegate.swift */,
				2EFA161A2B669D8500F18155 /* SceneDelegate.swift */,
				2EFA16232B669D8700F18155 /* LaunchScreen.storyboard */,
				2EFA16432B66CA0600F18155 /* TabBar */,
				2EFA16372B66B53800F18155 /* Home */,
				2EFA163B2B66B5A100F18155 /* NEW&HOT */,
				2EFA163E2B66C15C00F18155 /* SavedContents */,
				2EFA16382B66B54700F18155 /* Extension */,
				2EFA16212B669D8700F18155 /* Assets.xcassets */,
				2EFA16262B669D8700F18155 /* Info.plist */,
			);
			path = Netflix;
			sourceTree = "<group>";
		};
		2EFA16372B66B53800F18155 /* Home */ = {
			isa = PBXGroup;
			children = (
				2EFA16392B66B55F00F18155 /* ViewController */,
				2EFA163A2B66B56900F18155 /* CollectionViewCell */,
			);
			path = Home;
			sourceTree = "<group>";
		};
		2EFA16382B66B54700F18155 /* Extension */ = {
			isa = PBXGroup;
			children = (
				2EFA16312B66A22F00F18155 /* UIView+addSubViews.swift */,
			);
			path = Extension;
			sourceTree = "<group>";
		};
		2EFA16392B66B55F00F18155 /* ViewController */ = {
			isa = PBXGroup;
			children = (
				2EFA161C2B669D8500F18155 /* HomeViewController.swift */,
			);
			path = ViewController;
			sourceTree = "<group>";
		};
		2EFA163A2B66B56900F18155 /* CollectionViewCell */ = {
			isa = PBXGroup;
			children = (
				2EFA16352B66B03800F18155 /* RisingContentsCollectionViewCell.swift */,
			);
			path = CollectionViewCell;
			sourceTree = "<group>";
		};
		2EFA163B2B66B5A100F18155 /* NEW&HOT */ = {
			isa = PBXGroup;
			children = (
				2EFA163C2B66B5CC00F18155 /* NewHotViewController.swift */,
			);
			path = "NEW&HOT";
			sourceTree = "<group>";
		};
		2EFA163E2B66C15C00F18155 /* SavedContents */ = {
			isa = PBXGroup;
			children = (
				2EFA163F2B66C17C00F18155 /* SavedContentsViewController.swift */,
			);
			path = SavedContents;
			sourceTree = "<group>";
		};
		2EFA16432B66CA0600F18155 /* TabBar */ = {
			isa = PBXGroup;
			children = (
				2EFA16412B66C78500F18155 /* TabBarViewController.swift */,
			);
			path = TabBar;
			sourceTree = "<group>";
		};
/* End PBXGroup section */

/* Begin PBXNativeTarget section */
		2EFA16142B669D8500F18155 /* Netflix */ = {
			isa = PBXNativeTarget;
			buildConfigurationList = 2EFA16292B669D8700F18155 /* Build configuration list for PBXNativeTarget "Netflix" */;
			buildPhases = (
				2EFA16112B669D8500F18155 /* Sources */,
				2EFA16122B669D8500F18155 /* Frameworks */,
				2EFA16132B669D8500F18155 /* Resources */,
			);
			buildRules = (
			);
			dependencies = (
			);
			name = Netflix;
			packageProductDependencies = (
				2EFA162D2B66A03C00F18155 /* SnapKit */,
				2EFA162F2B66A03C00F18155 /* SnapKit-Dynamic */,
			);
			productName = Netflix;
			productReference = 2EFA16152B669D8500F18155 /* Netflix.app */;
			productType = "com.apple.product-type.application";
		};
/* End PBXNativeTarget section */

/* Begin PBXProject section */
		2EFA160D2B669D8500F18155 /* Project object */ = {
			isa = PBXProject;
			attributes = {
				BuildIndependentTargetsInParallel = 1;
				LastSwiftUpdateCheck = 1520;
				LastUpgradeCheck = 1520;
				TargetAttributes = {
					2EFA16142B669D8500F18155 = {
						CreatedOnToolsVersion = 15.2;
					};
				};
			};
			buildConfigurationList = 2EFA16102B669D8500F18155 /* Build configuration list for PBXProject "Netflix" */;
			compatibilityVersion = "Xcode 14.0";
			developmentRegion = en;
			hasScannedForEncodings = 0;
			knownRegions = (
				en,
				Base,
			);
			mainGroup = 2EFA160C2B669D8500F18155;
			packageReferences = (
				2EFA162C2B66A03C00F18155 /* XCRemoteSwiftPackageReference "SnapKit" */,
			);
			productRefGroup = 2EFA16162B669D8500F18155 /* Products */;
			projectDirPath = "";
			projectRoot = "";
			targets = (
				2EFA16142B669D8500F18155 /* Netflix */,
			);
		};
/* End PBXProject section */

/* Begin PBXResourcesBuildPhase section */
		2EFA16132B669D8500F18155 /* Resources */ = {
			isa = PBXResourcesBuildPhase;
			buildActionMask = 2147483647;
			files = (
				2EFA16252B669D8700F18155 /* LaunchScreen.storyboard in Resources */,
				2EFA16222B669D8700F18155 /* Assets.xcassets in Resources */,
			);
			runOnlyForDeploymentPostprocessing = 0;
		};
/* End PBXResourcesBuildPhase section */

/* Begin PBXSourcesBuildPhase section */
		2EFA16112B669D8500F18155 /* Sources */ = {
			isa = PBXSourcesBuildPhase;
			buildActionMask = 2147483647;
			files = (
				2EFA16422B66C78500F18155 /* TabBarViewController.swift in Sources */,
				2EFA16402B66C17C00F18155 /* SavedContentsViewController.swift in Sources */,
				2EFA16362B66B03800F18155 /* RisingContentsCollectionViewCell.swift in Sources */,
				2EFA16322B66A22F00F18155 /* UIView+addSubViews.swift in Sources */,
				2EFA161D2B669D8500F18155 /* HomeViewController.swift in Sources */,
				2EFA163D2B66B5CC00F18155 /* NewHotViewController.swift in Sources */,
				2EFA16192B669D8500F18155 /* AppDelegate.swift in Sources */,
				2EFA161B2B669D8500F18155 /* SceneDelegate.swift in Sources */,
			);
			runOnlyForDeploymentPostprocessing = 0;
		};
/* End PBXSourcesBuildPhase section */

/* Begin PBXVariantGroup section */
		2EFA16232B669D8700F18155 /* LaunchScreen.storyboard */ = {
			isa = PBXVariantGroup;
			children = (
				2EFA16242B669D8700F18155 /* Base */,
			);
			name = LaunchScreen.storyboard;
			sourceTree = "<group>";
		};
/* End PBXVariantGroup section */

/* Begin XCBuildConfiguration section */
		2EFA16272B669D8700F18155 /* Debug */ = {
			isa = XCBuildConfiguration;
			buildSettings = {
				ALWAYS_SEARCH_USER_PATHS = NO;
				ASSETCATALOG_COMPILER_GENERATE_SWIFT_ASSET_SYMBOL_EXTENSIONS = YES;
				CLANG_ANALYZER_NONNULL = YES;
				CLANG_ANALYZER_NUMBER_OBJECT_CONVERSION = YES_AGGRESSIVE;
				CLANG_CXX_LANGUAGE_STANDARD = "gnu++20";
				CLANG_ENABLE_MODULES = YES;
				CLANG_ENABLE_OBJC_ARC = YES;
				CLANG_ENABLE_OBJC_WEAK = YES;
				CLANG_WARN_BLOCK_CAPTURE_AUTORELEASING = YES;
				CLANG_WARN_BOOL_CONVERSION = YES;
				CLANG_WARN_COMMA = YES;
				CLANG_WARN_CONSTANT_CONVERSION = YES;
				CLANG_WARN_DEPRECATED_OBJC_IMPLEMENTATIONS = YES;
				CLANG_WARN_DIRECT_OBJC_ISA_USAGE = YES_ERROR;
				CLANG_WARN_DOCUMENTATION_COMMENTS = YES;
				CLANG_WARN_EMPTY_BODY = YES;
				CLANG_WARN_ENUM_CONVERSION = YES;
				CLANG_WARN_INFINITE_RECURSION = YES;
				CLANG_WARN_INT_CONVERSION = YES;
				CLANG_WARN_NON_LITERAL_NULL_CONVERSION = YES;
				CLANG_WARN_OBJC_IMPLICIT_RETAIN_SELF = YES;
				CLANG_WARN_OBJC_LITERAL_CONVERSION = YES;
				CLANG_WARN_OBJC_ROOT_CLASS = YES_ERROR;
				CLANG_WARN_QUOTED_INCLUDE_IN_FRAMEWORK_HEADER = YES;
				CLANG_WARN_RANGE_LOOP_ANALYSIS = YES;
				CLANG_WARN_STRICT_PROTOTYPES = YES;
				CLANG_WARN_SUSPICIOUS_MOVE = YES;
				CLANG_WARN_UNGUARDED_AVAILABILITY = YES_AGGRESSIVE;
				CLANG_WARN_UNREACHABLE_CODE = YES;
				CLANG_WARN__DUPLICATE_METHOD_MATCH = YES;
				COPY_PHASE_STRIP = NO;
				DEBUG_INFORMATION_FORMAT = dwarf;
				ENABLE_STRICT_OBJC_MSGSEND = YES;
				ENABLE_TESTABILITY = YES;
				ENABLE_USER_SCRIPT_SANDBOXING = YES;
				GCC_C_LANGUAGE_STANDARD = gnu17;
				GCC_DYNAMIC_NO_PIC = NO;
				GCC_NO_COMMON_BLOCKS = YES;
				GCC_OPTIMIZATION_LEVEL = 0;
				GCC_PREPROCESSOR_DEFINITIONS = (
					"DEBUG=1",
					"$(inherited)",
				);
				GCC_WARN_64_TO_32_BIT_CONVERSION = YES;
				GCC_WARN_ABOUT_RETURN_TYPE = YES_ERROR;
				GCC_WARN_UNDECLARED_SELECTOR = YES;
				GCC_WARN_UNINITIALIZED_AUTOS = YES_AGGRESSIVE;
				GCC_WARN_UNUSED_FUNCTION = YES;
				GCC_WARN_UNUSED_VARIABLE = YES;
				IPHONEOS_DEPLOYMENT_TARGET = 17.2;
				LOCALIZATION_PREFERS_STRING_CATALOGS = YES;
				MTL_ENABLE_DEBUG_INFO = INCLUDE_SOURCE;
				MTL_FAST_MATH = YES;
				ONLY_ACTIVE_ARCH = YES;
				SDKROOT = iphoneos;
				SWIFT_ACTIVE_COMPILATION_CONDITIONS = "DEBUG $(inherited)";
				SWIFT_OPTIMIZATION_LEVEL = "-Onone";
			};
			name = Debug;
		};
		2EFA16282B669D8700F18155 /* Release */ = {
			isa = XCBuildConfiguration;
			buildSettings = {
				ALWAYS_SEARCH_USER_PATHS = NO;
				ASSETCATALOG_COMPILER_GENERATE_SWIFT_ASSET_SYMBOL_EXTENSIONS = YES;
				CLANG_ANALYZER_NONNULL = YES;
				CLANG_ANALYZER_NUMBER_OBJECT_CONVERSION = YES_AGGRESSIVE;
				CLANG_CXX_LANGUAGE_STANDARD = "gnu++20";
				CLANG_ENABLE_MODULES = YES;
				CLANG_ENABLE_OBJC_ARC = YES;
				CLANG_ENABLE_OBJC_WEAK = YES;
				CLANG_WARN_BLOCK_CAPTURE_AUTORELEASING = YES;
				CLANG_WARN_BOOL_CONVERSION = YES;
				CLANG_WARN_COMMA = YES;
				CLANG_WARN_CONSTANT_CONVERSION = YES;
				CLANG_WARN_DEPRECATED_OBJC_IMPLEMENTATIONS = YES;
				CLANG_WARN_DIRECT_OBJC_ISA_USAGE = YES_ERROR;
				CLANG_WARN_DOCUMENTATION_COMMENTS = YES;
				CLANG_WARN_EMPTY_BODY = YES;
				CLANG_WARN_ENUM_CONVERSION = YES;
				CLANG_WARN_INFINITE_RECURSION = YES;
				CLANG_WARN_INT_CONVERSION = YES;
				CLANG_WARN_NON_LITERAL_NULL_CONVERSION = YES;
				CLANG_WARN_OBJC_IMPLICIT_RETAIN_SELF = YES;
				CLANG_WARN_OBJC_LITERAL_CONVERSION = YES;
				CLANG_WARN_OBJC_ROOT_CLASS = YES_ERROR;
				CLANG_WARN_QUOTED_INCLUDE_IN_FRAMEWORK_HEADER = YES;
				CLANG_WARN_RANGE_LOOP_ANALYSIS = YES;
				CLANG_WARN_STRICT_PROTOTYPES = YES;
				CLANG_WARN_SUSPICIOUS_MOVE = YES;
				CLANG_WARN_UNGUARDED_AVAILABILITY = YES_AGGRESSIVE;
				CLANG_WARN_UNREACHABLE_CODE = YES;
				CLANG_WARN__DUPLICATE_METHOD_MATCH = YES;
				COPY_PHASE_STRIP = NO;
				DEBUG_INFORMATION_FORMAT = "dwarf-with-dsym";
				ENABLE_NS_ASSERTIONS = NO;
				ENABLE_STRICT_OBJC_MSGSEND = YES;
				ENABLE_USER_SCRIPT_SANDBOXING = YES;
				GCC_C_LANGUAGE_STANDARD = gnu17;
				GCC_NO_COMMON_BLOCKS = YES;
				GCC_WARN_64_TO_32_BIT_CONVERSION = YES;
				GCC_WARN_ABOUT_RETURN_TYPE = YES_ERROR;
				GCC_WARN_UNDECLARED_SELECTOR = YES;
				GCC_WARN_UNINITIALIZED_AUTOS = YES_AGGRESSIVE;
				GCC_WARN_UNUSED_FUNCTION = YES;
				GCC_WARN_UNUSED_VARIABLE = YES;
				IPHONEOS_DEPLOYMENT_TARGET = 17.2;
				LOCALIZATION_PREFERS_STRING_CATALOGS = YES;
				MTL_ENABLE_DEBUG_INFO = NO;
				MTL_FAST_MATH = YES;
				SDKROOT = iphoneos;
				SWIFT_COMPILATION_MODE = wholemodule;
				VALIDATE_PRODUCT = YES;
			};
			name = Release;
		};
		2EFA162A2B669D8700F18155 /* Debug */ = {
			isa = XCBuildConfiguration;
			buildSettings = {
				ASSETCATALOG_COMPILER_APPICON_NAME = AppIcon;
				ASSETCATALOG_COMPILER_GLOBAL_ACCENT_COLOR_NAME = AccentColor;
				CODE_SIGN_STYLE = Automatic;
				CURRENT_PROJECT_VERSION = 1;
				DEVELOPMENT_TEAM = Q37X3LG46V;
				GENERATE_INFOPLIST_FILE = YES;
				INFOPLIST_FILE = Netflix/Info.plist;
				INFOPLIST_KEY_UIApplicationSupportsIndirectInputEvents = YES;
				INFOPLIST_KEY_UILaunchStoryboardName = LaunchScreen;
				INFOPLIST_KEY_UIMainStoryboardFile = "";
				INFOPLIST_KEY_UISupportedInterfaceOrientations_iPad = "UIInterfaceOrientationPortrait UIInterfaceOrientationPortraitUpsideDown UIInterfaceOrientationLandscapeLeft UIInterfaceOrientationLandscapeRight";
				INFOPLIST_KEY_UISupportedInterfaceOrientations_iPhone = "UIInterfaceOrientationPortrait UIInterfaceOrientationLandscapeLeft UIInterfaceOrientationLandscapeRight";
				LD_RUNPATH_SEARCH_PATHS = (
					"$(inherited)",
					"@executable_path/Frameworks",
				);
				MARKETING_VERSION = 1.0;
				PRODUCT_BUNDLE_IDENTIFIER = hwijin.Netflix;
				PRODUCT_NAME = "$(TARGET_NAME)";
				SUPPORTED_PLATFORMS = "iphoneos iphonesimulator";
				SUPPORTS_MACCATALYST = NO;
				SUPPORTS_MAC_DESIGNED_FOR_IPHONE_IPAD = NO;
				SUPPORTS_XR_DESIGNED_FOR_IPHONE_IPAD = NO;
				SWIFT_EMIT_LOC_STRINGS = YES;
				SWIFT_VERSION = 5.0;
				TARGETED_DEVICE_FAMILY = 1;
			};
			name = Debug;
		};
		2EFA162B2B669D8700F18155 /* Release */ = {
			isa = XCBuildConfiguration;
			buildSettings = {
				ASSETCATALOG_COMPILER_APPICON_NAME = AppIcon;
				ASSETCATALOG_COMPILER_GLOBAL_ACCENT_COLOR_NAME = AccentColor;
				CODE_SIGN_STYLE = Automatic;
				CURRENT_PROJECT_VERSION = 1;
				DEVELOPMENT_TEAM = Q37X3LG46V;
				GENERATE_INFOPLIST_FILE = YES;
				INFOPLIST_FILE = Netflix/Info.plist;
				INFOPLIST_KEY_UIApplicationSupportsIndirectInputEvents = YES;
				INFOPLIST_KEY_UILaunchStoryboardName = LaunchScreen;
				INFOPLIST_KEY_UIMainStoryboardFile = "";
				INFOPLIST_KEY_UISupportedInterfaceOrientations_iPad = "UIInterfaceOrientationPortrait UIInterfaceOrientationPortraitUpsideDown UIInterfaceOrientationLandscapeLeft UIInterfaceOrientationLandscapeRight";
				INFOPLIST_KEY_UISupportedInterfaceOrientations_iPhone = "UIInterfaceOrientationPortrait UIInterfaceOrientationLandscapeLeft UIInterfaceOrientationLandscapeRight";
				LD_RUNPATH_SEARCH_PATHS = (
					"$(inherited)",
					"@executable_path/Frameworks",
				);
				MARKETING_VERSION = 1.0;
				PRODUCT_BUNDLE_IDENTIFIER = hwijin.Netflix;
				PRODUCT_NAME = "$(TARGET_NAME)";
				SUPPORTED_PLATFORMS = "iphoneos iphonesimulator";
				SUPPORTS_MACCATALYST = NO;
				SUPPORTS_MAC_DESIGNED_FOR_IPHONE_IPAD = NO;
				SUPPORTS_XR_DESIGNED_FOR_IPHONE_IPAD = NO;
				SWIFT_EMIT_LOC_STRINGS = YES;
				SWIFT_VERSION = 5.0;
				TARGETED_DEVICE_FAMILY = 1;
			};
			name = Release;
		};
/* End XCBuildConfiguration section */

/* Begin XCConfigurationList section */
		2EFA16102B669D8500F18155 /* Build configuration list for PBXProject "Netflix" */ = {
			isa = XCConfigurationList;
			buildConfigurations = (
				2EFA16272B669D8700F18155 /* Debug */,
				2EFA16282B669D8700F18155 /* Release */,
			);
			defaultConfigurationIsVisible = 0;
			defaultConfigurationName = Release;
		};
		2EFA16292B669D8700F18155 /* Build configuration list for PBXNativeTarget "Netflix" */ = {
			isa = XCConfigurationList;
			buildConfigurations = (
				2EFA162A2B669D8700F18155 /* Debug */,
				2EFA162B2B669D8700F18155 /* Release */,
			);
			defaultConfigurationIsVisible = 0;
			defaultConfigurationName = Release;
		};
/* End XCConfigurationList section */

/* Begin XCRemoteSwiftPackageReference section */
		2EFA162C2B66A03C00F18155 /* XCRemoteSwiftPackageReference "SnapKit" */ = {
			isa = XCRemoteSwiftPackageReference;
			repositoryURL = "https://github.com/SnapKit/SnapKit.git";
			requirement = {
				kind = upToNextMajorVersion;
				minimumVersion = 5.7.0;
			};
		};
/* End XCRemoteSwiftPackageReference section */

/* Begin XCSwiftPackageProductDependency section */
		2EFA162D2B66A03C00F18155 /* SnapKit */ = {
			isa = XCSwiftPackageProductDependency;
			package = 2EFA162C2B66A03C00F18155 /* XCRemoteSwiftPackageReference "SnapKit" */;
			productName = SnapKit;
		};
		2EFA162F2B66A03C00F18155 /* SnapKit-Dynamic */ = {
			isa = XCSwiftPackageProductDependency;
			package = 2EFA162C2B66A03C00F18155 /* XCRemoteSwiftPackageReference "SnapKit" */;
			productName = "SnapKit-Dynamic";
		};
/* End XCSwiftPackageProductDependency section */
	};
	rootObject = 2EFA160D2B669D8500F18155 /* Project object */;
}
